
Microsoft Visual Studio Solution File, Format Version 12.00
# Visual Studio Version 17
VisualStudioVersion = 17.11.35222.181
MinimumVisualStudioVersion = 10.0.40219.1
Project("{9A19103F-16F7-4668-BE54-9A1E7A4F7556}") = "PagMenos", "PagMenos.csproj", "{C2CDD27B-8F10-43A5-9204-400546CD9970}"
EndProject
Project("{9A19103F-16F7-4668-BE54-9A1E7A4F7556}") = "ConsoleTest", "..\ConsoleTest\ConsoleTest.csproj", "{352F5C52-A9CD-407F-8957-3CE9A1631291}"
EndProject
Project("{FAE04EC0-301F-11D3-BF4B-00C04F79EFBC}") = "PagMenos-AzureAD.Tests", "..\PagMenos-AzureAD.Tests\PagMenos-AzureAD.Tests.csproj", "{142DC1C7-2328-4E32-971C-54635FDB4944}"
EndProject
Global
	GlobalSection(SolutionConfigurationPlatforms) = preSolution
		Debug|Any CPU = Debug|Any CPU
		Release|Any CPU = Release|Any CPU
	EndGlobalSection
	GlobalSection(ProjectConfigurationPlatforms) = postSolution
		{C2CDD27B-8F10-43A5-9204-400546CD9970}.Debug|Any CPU.ActiveCfg = Debug|Any CPU
		{C2CDD27B-8F10-43A5-9204-400546CD9970}.Debug|Any CPU.Build.0 = Debug|Any CPU
		{C2CDD27B-8F10-43A5-9204-400546CD9970}.Release|Any CPU.ActiveCfg = Release|Any CPU
		{C2CDD27B-8F10-43A5-9204-400546CD9970}.Release|Any CPU.Build.0 = Release|Any CPU
		{352F5C52-A9CD-407F-8957-3CE9A1631291}.Debug|Any CPU.ActiveCfg = Debug|Any CPU
		{352F5C52-A9CD-407F-8957-3CE9A1631291}.Debug|Any CPU.Build.0 = Debug|Any CPU
		{352F5C52-A9CD-407F-8957-3CE9A1631291}.Release|Any CPU.ActiveCfg = Release|Any CPU
		{352F5C52-A9CD-407F-8957-3CE9A1631291}.Release|Any CPU.Build.0 = Release|Any CPU
		{142DC1C7-2328-4E32-971C-54635FDB4944}.Debug|Any CPU.ActiveCfg = Debug|Any CPU
		{142DC1C7-2328-4E32-971C-54635FDB4944}.Debug|Any CPU.Build.0 = Debug|Any CPU
		{142DC1C7-2328-4E32-971C-54635FDB4944}.Release|Any CPU.ActiveCfg = Release|Any CPU
		{142DC1C7-2328-4E32-971C-54635FDB4944}.Release|Any CPU.Build.0 = Release|Any CPU
	EndGlobalSection
	GlobalSection(SolutionProperties) = preSolution
		HideSolutionNode = FALSE
	EndGlobalSection
	GlobalSection(ExtensibilityGlobals) = postSolution
		SolutionGuid = {795F0239-5A44-46D5-BAAA-5805DBB27905}
	EndGlobalSection
EndGlobal
